
Microsoft Visual Studio Solution File, Format Version 12.00
# Visual Studio 14
VisualStudioVersion = 14.0.23107.0
MinimumVisualStudioVersion = 10.0.40219.1
Project("{FAE04EC0-301F-11D3-BF4B-00C04F79EFBC}") = "ConsoleAppForListOrder", "ConsoleApplication1\ConsoleAppForListOrder.csproj", "{2F6A9FD0-8AAA-470A-AA3F-376C02BDCA45}"
EndProject
Project("{FAE04EC0-301F-11D3-BF4B-00C04F79EFBC}") = "TT_ListOrdering", "ClassLibrary2\TT_ListOrdering.csproj", "{E4AC0F8B-8D22-4471-B5C3-53165E15F74B}"
EndProject
Project("{FAE04EC0-301F-11D3-BF4B-00C04F79EFBC}") = "TT_AutomatedTests", "TT_AutomatedTests\TT_AutomatedTests.csproj", "{1BE312A9-F7AE-4B32-8B35-E20DFE63BF26}"
EndProject
Project("{FAE04EC0-301F-11D3-BF4B-00C04F79EFBC}") = "TT_WebdriverCore", "TT_WebdriverCore\TT_WebdriverCore.csproj", "{94783044-20B5-4C2A-B757-C6FFB8131831}"
EndProject
Global
	GlobalSection(SolutionConfigurationPlatforms) = preSolution
		Debug|Any CPU = Debug|Any CPU
		Release|Any CPU = Release|Any CPU
	EndGlobalSection
	GlobalSection(ProjectConfigurationPlatforms) = postSolution
		{2F6A9FD0-8AAA-470A-AA3F-376C02BDCA45}.Debug|Any CPU.ActiveCfg = Debug|Any CPU
		{2F6A9FD0-8AAA-470A-AA3F-376C02BDCA45}.Debug|Any CPU.Build.0 = Debug|Any CPU
		{2F6A9FD0-8AAA-470A-AA3F-376C02BDCA45}.Release|Any CPU.ActiveCfg = Release|Any CPU
		{2F6A9FD0-8AAA-470A-AA3F-376C02BDCA45}.Release|Any CPU.Build.0 = Release|Any CPU
		{E4AC0F8B-8D22-4471-B5C3-53165E15F74B}.Debug|Any CPU.ActiveCfg = Debug|Any CPU
		{E4AC0F8B-8D22-4471-B5C3-53165E15F74B}.Debug|Any CPU.Build.0 = Debug|Any CPU
		{E4AC0F8B-8D22-4471-B5C3-53165E15F74B}.Release|Any CPU.ActiveCfg = Release|Any CPU
		{E4AC0F8B-8D22-4471-B5C3-53165E15F74B}.Release|Any CPU.Build.0 = Release|Any CPU
		{1BE312A9-F7AE-4B32-8B35-E20DFE63BF26}.Debug|Any CPU.ActiveCfg = Debug|Any CPU
		{1BE312A9-F7AE-4B32-8B35-E20DFE63BF26}.Debug|Any CPU.Build.0 = Debug|Any CPU
		{1BE312A9-F7AE-4B32-8B35-E20DFE63BF26}.Release|Any CPU.ActiveCfg = Release|Any CPU
		{1BE312A9-F7AE-4B32-8B35-E20DFE63BF26}.Release|Any CPU.Build.0 = Release|Any CPU
		{94783044-20B5-4C2A-B757-C6FFB8131831}.Debug|Any CPU.ActiveCfg = Debug|Any CPU
		{94783044-20B5-4C2A-B757-C6FFB8131831}.Debug|Any CPU.Build.0 = Debug|Any CPU
		{94783044-20B5-4C2A-B757-C6FFB8131831}.Release|Any CPU.ActiveCfg = Release|Any CPU
		{94783044-20B5-4C2A-B757-C6FFB8131831}.Release|Any CPU.Build.0 = Release|Any CPU
	EndGlobalSection
	GlobalSection(SolutionProperties) = preSolution
		HideSolutionNode = FALSE
	EndGlobalSection
EndGlobal
